{
    "_readme": [
        "This file locks the dependencies of your project to a known state",
        "Read more about it at https://getcomposer.org/doc/01-basic-usage.md#composer-lock-the-lock-file",
        "This file is @generated automatically"
    ],
    "hash": "328d8ca8522f47c22f3784753b235717",
    "content-hash": "9209f8c5a51c2e898f92cedab43b0739",
    "packages": [
        {
            "name": "ayesh/php-timer",
            "version": "v1.1.5",
            "source": {
                "type": "git",
                "url": "https://github.com/Ayesh/php-timer.git",
                "reference": "54cc6b66243578192d7960d53ff9d1b15def4584"
            },
            "dist": {
                "type": "zip",
                "url": "https://api.github.com/repos/Ayesh/php-timer/zipball/54cc6b66243578192d7960d53ff9d1b15def4584",
                "reference": "54cc6b66243578192d7960d53ff9d1b15def4584",
                "shasum": ""
            },
            "require": {
                "php": "^7.0"
            },
            "require-dev": {
                "phpunit/phpunit": "^6.0"
            },
            "type": "library",
            "autoload": {
                "psr-4": {
                    "Ayesh\\PHP_Timer\\": "src/"
                }
            },
            "notification-url": "https://packagist.org/downloads/",
            "license": [
                "MIT"
            ],
            "authors": [
                {
                    "name": "Ayesh Karunaratne",
                    "email": "ayesh@ayesh.me",
                    "homepage": "https://ayesh.me?packagist",
                    "role": "Developer"
                }
            ],
            "description": "Stop-watch for all your needs. Supports timer start, pause, resume, stop, read, and minimal conversion.",
            "homepage": "https://github.com/ayesh/php-timer",
            "keywords": [
                "benchmark",
                "performance",
                "stopwatch",
                "time",
                "timer"
            ],
            "time": "2017-07-24 07:10:14"
        },
        {
            "name": "devvoh/parable",
            "version": "0.12.13",
            "source": {
                "type": "git",
                "url": "https://github.com/devvoh/parable.git",
                "reference": "19c7ea9ccb281ee56fa12ea9b3af7ddfa87053cb"
            },
            "dist": {
                "type": "zip",
                "url": "https://api.github.com/repos/devvoh/parable/zipball/19c7ea9ccb281ee56fa12ea9b3af7ddfa87053cb",
                "reference": "19c7ea9ccb281ee56fa12ea9b3af7ddfa87053cb",
                "shasum": ""
            },
            "require": {
                "php": ">=5.6"
            },
            "require-dev": {
                "phpunit/phpunit": "^5.7"
            },
            "bin": [
                "parable"
            ],
            "type": "framework",
            "autoload": {
                "psr-4": {
                    "Parable\\": "src/"
                }
            },
            "notification-url": "https://packagist.org/downloads/",
            "license": [
                "MIT"
            ],
            "authors": [
                {
                    "name": "Robin de Graaf",
                    "email": "hello@devvoh.com",
                    "homepage": "https://devvoh.com"
                }
            ],
            "description": "Parable is a PHP micro framework",
            "homepage": "http://devvoh.com/parable",
            "keywords": [
                "framework",
                "micro"
            ],
            "time": "2017-10-31 22:46:34"
        },
        {
            "name": "james-heinrich/getid3",
            "version": "v1.9.15",
            "source": {
                "type": "git",
                "url": "https://github.com/JamesHeinrich/getID3.git",
                "reference": "df9b441e547da1018b1be0e239bee095c9962c96"
            },
            "dist": {
                "type": "zip",
                "url": "https://api.github.com/repos/JamesHeinrich/getID3/zipball/df9b441e547da1018b1be0e239bee095c9962c96",
                "reference": "df9b441e547da1018b1be0e239bee095c9962c96",
                "shasum": ""
            },
            "require": {
                "php": ">=5.3.0"
            },
            "type": "library",
            "autoload": {
                "classmap": [
                    "getid3/"
                ]
            },
            "notification-url": "https://packagist.org/downloads/",
            "license": [
                "GPL"
            ],
            "description": "PHP script that extracts useful information from popular multimedia file formats",
            "homepage": "http://www.getid3.org/",
            "keywords": [
                "codecs",
                "php",
                "tags"
            ],
            "time": "2017-10-26 18:34:37"
        }
    ],
    "packages-dev": [],
    "aliases": [],
    "minimum-stability": "stable",
    "stability-flags": [],
    "prefer-stable": false,
    "prefer-lowest": false,
    "platform": [],
    "platform-dev": []
}
